
Microsoft Visual Studio Solution File, Format Version 12.00
# Visual Studio Version 16
VisualStudioVersion = 16.0.31729.503
MinimumVisualStudioVersion = 10.0.40219.1
Project("{9A19103F-16F7-4668-BE54-9A1E7A4F7556}") = "SerializationApp", "Serial\SerializationApp.csproj", "{715E2A78-A4A9-4A0B-9C14-D7991EC156BF}"
EndProject
Global
	GlobalSection(SolutionConfigurationPlatforms) = preSolution
		Debug|Any CPU = Debug|Any CPU
		Release|Any CPU = Release|Any CPU
	EndGlobalSection
	GlobalSection(ProjectConfigurationPlatforms) = postSolution
		{715E2A78-A4A9-4A0B-9C14-D7991EC156BF}.Debug|Any CPU.ActiveCfg = Debug|Any CPU
		{715E2A78-A4A9-4A0B-9C14-D7991EC156BF}.Debug|Any CPU.Build.0 = Debug|Any CPU
		{715E2A78-A4A9-4A0B-9C14-D7991EC156BF}.Release|Any CPU.ActiveCfg = Release|Any CPU
		{715E2A78-A4A9-4A0B-9C14-D7991EC156BF}.Release|Any CPU.Build.0 = Release|Any CPU
	EndGlobalSection
	GlobalSection(SolutionProperties) = preSolution
		HideSolutionNode = FALSE
	EndGlobalSection
	GlobalSection(ExtensibilityGlobals) = postSolution
		SolutionGuid = {E15FD9ED-6BCA-48E9-AB7E-F4380EF22FF0}
	EndGlobalSection
EndGlobal
