
Microsoft Visual Studio Solution File, Format Version 12.00
# Visual Studio Version 16
VisualStudioVersion = 16.0.31727.386
MinimumVisualStudioVersion = 10.0.40219.1
Project("{FAE04EC0-301F-11D3-BF4B-00C04F79EFBC}") = "OverLoadingApp", "OverLoadingApp\OverLoadingApp.csproj", "{9D3714B5-3933-419C-8DEF-DFEAAD388A6C}"
EndProject
Global
	GlobalSection(SolutionConfigurationPlatforms) = preSolution
		Debug|Any CPU = Debug|Any CPU
		Release|Any CPU = Release|Any CPU
	EndGlobalSection
	GlobalSection(ProjectConfigurationPlatforms) = postSolution
		{9D3714B5-3933-419C-8DEF-DFEAAD388A6C}.Debug|Any CPU.ActiveCfg = Debug|Any CPU
		{9D3714B5-3933-419C-8DEF-DFEAAD388A6C}.Debug|Any CPU.Build.0 = Debug|Any CPU
		{9D3714B5-3933-419C-8DEF-DFEAAD388A6C}.Release|Any CPU.ActiveCfg = Release|Any CPU
		{9D3714B5-3933-419C-8DEF-DFEAAD388A6C}.Release|Any CPU.Build.0 = Release|Any CPU
	EndGlobalSection
	GlobalSection(SolutionProperties) = preSolution
		HideSolutionNode = FALSE
	EndGlobalSection
	GlobalSection(ExtensibilityGlobals) = postSolution
		SolutionGuid = {04D1F458-9C37-45BE-9028-AD6B7C3D920B}
	EndGlobalSection
EndGlobal
