
Microsoft Visual Studio Solution File, Format Version 12.00
# Visual Studio Version 16
VisualStudioVersion = 16.0.31729.503
MinimumVisualStudioVersion = 10.0.40219.1
Project("{FAE04EC0-301F-11D3-BF4B-00C04F79EFBC}") = "AccountCustomExceptionApp", "AccountCustomExceptionApp\AccountCustomExceptionApp.csproj", "{B425A07D-DB7D-4B6C-8249-93C44F11357B}"
EndProject
Global
	GlobalSection(SolutionConfigurationPlatforms) = preSolution
		Debug|Any CPU = Debug|Any CPU
		Release|Any CPU = Release|Any CPU
	EndGlobalSection
	GlobalSection(ProjectConfigurationPlatforms) = postSolution
		{B425A07D-DB7D-4B6C-8249-93C44F11357B}.Debug|Any CPU.ActiveCfg = Debug|Any CPU
		{B425A07D-DB7D-4B6C-8249-93C44F11357B}.Debug|Any CPU.Build.0 = Debug|Any CPU
		{B425A07D-DB7D-4B6C-8249-93C44F11357B}.Release|Any CPU.ActiveCfg = Release|Any CPU
		{B425A07D-DB7D-4B6C-8249-93C44F11357B}.Release|Any CPU.Build.0 = Release|Any CPU
	EndGlobalSection
	GlobalSection(SolutionProperties) = preSolution
		HideSolutionNode = FALSE
	EndGlobalSection
	GlobalSection(ExtensibilityGlobals) = postSolution
		SolutionGuid = {1005C2B3-7A75-45F8-9236-9ADCC41E018E}
	EndGlobalSection
EndGlobal
