
Microsoft Visual Studio Solution File, Format Version 12.00
# Visual Studio Version 16
VisualStudioVersion = 16.0.31729.503
MinimumVisualStudioVersion = 10.0.40219.1
Project("{FAE04EC0-301F-11D3-BF4B-00C04F79EFBC}") = "HatDecorator", "HatDecorator\HatDecorator.csproj", "{331206A9-186F-439A-931E-ABF9F7E8F95D}"
EndProject
Global
	GlobalSection(SolutionConfigurationPlatforms) = preSolution
		Debug|Any CPU = Debug|Any CPU
		Release|Any CPU = Release|Any CPU
	EndGlobalSection
	GlobalSection(ProjectConfigurationPlatforms) = postSolution
		{331206A9-186F-439A-931E-ABF9F7E8F95D}.Debug|Any CPU.ActiveCfg = Debug|Any CPU
		{331206A9-186F-439A-931E-ABF9F7E8F95D}.Debug|Any CPU.Build.0 = Debug|Any CPU
		{331206A9-186F-439A-931E-ABF9F7E8F95D}.Release|Any CPU.ActiveCfg = Release|Any CPU
		{331206A9-186F-439A-931E-ABF9F7E8F95D}.Release|Any CPU.Build.0 = Release|Any CPU
	EndGlobalSection
	GlobalSection(SolutionProperties) = preSolution
		HideSolutionNode = FALSE
	EndGlobalSection
	GlobalSection(ExtensibilityGlobals) = postSolution
		SolutionGuid = {35B6806D-3856-497E-8026-3A1F9A53AD85}
	EndGlobalSection
EndGlobal
