
Microsoft Visual Studio Solution File, Format Version 12.00
# Visual Studio Version 16
VisualStudioVersion = 16.0.31729.503
MinimumVisualStudioVersion = 10.0.40219.1
Project("{FAE04EC0-301F-11D3-BF4B-00C04F79EFBC}") = "ConsoleShoppingApp", "ConsoleShoppingApp\ConsoleShoppingApp.csproj", "{7493B676-349B-47DC-8E27-705C651B3240}"
EndProject
Global
	GlobalSection(SolutionConfigurationPlatforms) = preSolution
		Debug|Any CPU = Debug|Any CPU
		Release|Any CPU = Release|Any CPU
	EndGlobalSection
	GlobalSection(ProjectConfigurationPlatforms) = postSolution
		{7493B676-349B-47DC-8E27-705C651B3240}.Debug|Any CPU.ActiveCfg = Debug|Any CPU
		{7493B676-349B-47DC-8E27-705C651B3240}.Debug|Any CPU.Build.0 = Debug|Any CPU
		{7493B676-349B-47DC-8E27-705C651B3240}.Release|Any CPU.ActiveCfg = Release|Any CPU
		{7493B676-349B-47DC-8E27-705C651B3240}.Release|Any CPU.Build.0 = Release|Any CPU
	EndGlobalSection
	GlobalSection(SolutionProperties) = preSolution
		HideSolutionNode = FALSE
	EndGlobalSection
	GlobalSection(ExtensibilityGlobals) = postSolution
		SolutionGuid = {242B4FBA-10A2-48B2-B678-BC0E65A2AEAC}
	EndGlobalSection
EndGlobal
