
Microsoft Visual Studio Solution File, Format Version 12.00
# Visual Studio Version 16
VisualStudioVersion = 16.0.31729.503
MinimumVisualStudioVersion = 10.0.40219.1
Project("{FAE04EC0-301F-11D3-BF4B-00C04F79EFBC}") = "EmployeePolymorphismApp", "EmployeePolymorphismApp\EmployeePolymorphismApp.csproj", "{1E30ED62-2F3D-4B6B-9CA2-9475AF8AE7AA}"
EndProject
Global
	GlobalSection(SolutionConfigurationPlatforms) = preSolution
		Debug|Any CPU = Debug|Any CPU
		Release|Any CPU = Release|Any CPU
	EndGlobalSection
	GlobalSection(ProjectConfigurationPlatforms) = postSolution
		{1E30ED62-2F3D-4B6B-9CA2-9475AF8AE7AA}.Debug|Any CPU.ActiveCfg = Debug|Any CPU
		{1E30ED62-2F3D-4B6B-9CA2-9475AF8AE7AA}.Debug|Any CPU.Build.0 = Debug|Any CPU
		{1E30ED62-2F3D-4B6B-9CA2-9475AF8AE7AA}.Release|Any CPU.ActiveCfg = Release|Any CPU
		{1E30ED62-2F3D-4B6B-9CA2-9475AF8AE7AA}.Release|Any CPU.Build.0 = Release|Any CPU
	EndGlobalSection
	GlobalSection(SolutionProperties) = preSolution
		HideSolutionNode = FALSE
	EndGlobalSection
	GlobalSection(ExtensibilityGlobals) = postSolution
		SolutionGuid = {8829C276-126D-4D78-AEF3-471C42C20BB6}
	EndGlobalSection
EndGlobal
