
Microsoft Visual Studio Solution File, Format Version 12.00
# Visual Studio Version 16
VisualStudioVersion = 16.0.31729.503
MinimumVisualStudioVersion = 10.0.40219.1
Project("{FAE04EC0-301F-11D3-BF4B-00C04F79EFBC}") = "InheritanceConstructorApp1", "InheritanceConstructorApp1\InheritanceConstructorApp1.csproj", "{4A2B8BBA-160A-4A22-BF34-FDE0EAE3A2AB}"
EndProject
Global
	GlobalSection(SolutionConfigurationPlatforms) = preSolution
		Debug|Any CPU = Debug|Any CPU
		Release|Any CPU = Release|Any CPU
	EndGlobalSection
	GlobalSection(ProjectConfigurationPlatforms) = postSolution
		{4A2B8BBA-160A-4A22-BF34-FDE0EAE3A2AB}.Debug|Any CPU.ActiveCfg = Debug|Any CPU
		{4A2B8BBA-160A-4A22-BF34-FDE0EAE3A2AB}.Debug|Any CPU.Build.0 = Debug|Any CPU
		{4A2B8BBA-160A-4A22-BF34-FDE0EAE3A2AB}.Release|Any CPU.ActiveCfg = Release|Any CPU
		{4A2B8BBA-160A-4A22-BF34-FDE0EAE3A2AB}.Release|Any CPU.Build.0 = Release|Any CPU
	EndGlobalSection
	GlobalSection(SolutionProperties) = preSolution
		HideSolutionNode = FALSE
	EndGlobalSection
	GlobalSection(ExtensibilityGlobals) = postSolution
		SolutionGuid = {13CD1CF1-6988-405B-9888-5474E2C480A4}
	EndGlobalSection
EndGlobal
