
Microsoft Visual Studio Solution File, Format Version 12.00
# Visual Studio Version 16
VisualStudioVersion = 16.0.31727.386
MinimumVisualStudioVersion = 10.0.40219.1
Project("{FAE04EC0-301F-11D3-BF4B-00C04F79EFBC}") = "CmdLineApp", "CmdLineApp\CmdLineApp.csproj", "{7912A2AF-C32B-4F7F-A6F1-5AADDB4C5812}"
EndProject
Global
	GlobalSection(SolutionConfigurationPlatforms) = preSolution
		Debug|Any CPU = Debug|Any CPU
		Release|Any CPU = Release|Any CPU
	EndGlobalSection
	GlobalSection(ProjectConfigurationPlatforms) = postSolution
		{7912A2AF-C32B-4F7F-A6F1-5AADDB4C5812}.Debug|Any CPU.ActiveCfg = Debug|Any CPU
		{7912A2AF-C32B-4F7F-A6F1-5AADDB4C5812}.Debug|Any CPU.Build.0 = Debug|Any CPU
		{7912A2AF-C32B-4F7F-A6F1-5AADDB4C5812}.Release|Any CPU.ActiveCfg = Release|Any CPU
		{7912A2AF-C32B-4F7F-A6F1-5AADDB4C5812}.Release|Any CPU.Build.0 = Release|Any CPU
	EndGlobalSection
	GlobalSection(SolutionProperties) = preSolution
		HideSolutionNode = FALSE
	EndGlobalSection
	GlobalSection(ExtensibilityGlobals) = postSolution
		SolutionGuid = {D4E3F694-F805-4EF2-99AB-57D7C101B6F6}
	EndGlobalSection
EndGlobal
