
Microsoft Visual Studio Solution File, Format Version 12.00
# Visual Studio Version 16
VisualStudioVersion = 16.0.31729.503
MinimumVisualStudioVersion = 10.0.40219.1
Project("{FAE04EC0-301F-11D3-BF4B-00C04F79EFBC}") = "SimpleFactory", "SimpleFactory\SimpleFactory.csproj", "{42FA9B45-ED6F-43AB-B8D8-3D39C65B6D4E}"
EndProject
Project("{FAE04EC0-301F-11D3-BF4B-00C04F79EFBC}") = "SimpleFactoryClientApp", "SimpleFactoryClientApp\SimpleFactoryClientApp.csproj", "{5A708EEC-D7B2-4768-9996-052FAA201FE8}"
EndProject
Global
	GlobalSection(SolutionConfigurationPlatforms) = preSolution
		Debug|Any CPU = Debug|Any CPU
		Release|Any CPU = Release|Any CPU
	EndGlobalSection
	GlobalSection(ProjectConfigurationPlatforms) = postSolution
		{42FA9B45-ED6F-43AB-B8D8-3D39C65B6D4E}.Debug|Any CPU.ActiveCfg = Debug|Any CPU
		{42FA9B45-ED6F-43AB-B8D8-3D39C65B6D4E}.Debug|Any CPU.Build.0 = Debug|Any CPU
		{42FA9B45-ED6F-43AB-B8D8-3D39C65B6D4E}.Release|Any CPU.ActiveCfg = Release|Any CPU
		{42FA9B45-ED6F-43AB-B8D8-3D39C65B6D4E}.Release|Any CPU.Build.0 = Release|Any CPU
		{5A708EEC-D7B2-4768-9996-052FAA201FE8}.Debug|Any CPU.ActiveCfg = Debug|Any CPU
		{5A708EEC-D7B2-4768-9996-052FAA201FE8}.Debug|Any CPU.Build.0 = Debug|Any CPU
		{5A708EEC-D7B2-4768-9996-052FAA201FE8}.Release|Any CPU.ActiveCfg = Release|Any CPU
		{5A708EEC-D7B2-4768-9996-052FAA201FE8}.Release|Any CPU.Build.0 = Release|Any CPU
	EndGlobalSection
	GlobalSection(SolutionProperties) = preSolution
		HideSolutionNode = FALSE
	EndGlobalSection
	GlobalSection(ExtensibilityGlobals) = postSolution
		SolutionGuid = {5E103CDF-595F-4E00-9F8C-86473371812D}
	EndGlobalSection
EndGlobal
