
Microsoft Visual Studio Solution File, Format Version 12.00
# Visual Studio Version 16
VisualStudioVersion = 16.0.31729.503
MinimumVisualStudioVersion = 10.0.40219.1
Project("{9A19103F-16F7-4668-BE54-9A1E7A4F7556}") = "MyUnitTestApp", "MyUnitTestApp\MyUnitTestApp.csproj", "{A178B1CE-C8D3-4715-AAE5-7A86DEA14912}"
EndProject
Project("{FAE04EC0-301F-11D3-BF4B-00C04F79EFBC}") = "MyUnitTestAppTests", "MyUnitTestAppTests\MyUnitTestAppTests.csproj", "{AAAEA207-727B-4D2D-A053-881478D929BF}"
EndProject
Global
	GlobalSection(SolutionConfigurationPlatforms) = preSolution
		Debug|Any CPU = Debug|Any CPU
		Release|Any CPU = Release|Any CPU
	EndGlobalSection
	GlobalSection(ProjectConfigurationPlatforms) = postSolution
		{A178B1CE-C8D3-4715-AAE5-7A86DEA14912}.Debug|Any CPU.ActiveCfg = Debug|Any CPU
		{A178B1CE-C8D3-4715-AAE5-7A86DEA14912}.Debug|Any CPU.Build.0 = Debug|Any CPU
		{A178B1CE-C8D3-4715-AAE5-7A86DEA14912}.Release|Any CPU.ActiveCfg = Release|Any CPU
		{A178B1CE-C8D3-4715-AAE5-7A86DEA14912}.Release|Any CPU.Build.0 = Release|Any CPU
		{AAAEA207-727B-4D2D-A053-881478D929BF}.Debug|Any CPU.ActiveCfg = Debug|Any CPU
		{AAAEA207-727B-4D2D-A053-881478D929BF}.Debug|Any CPU.Build.0 = Debug|Any CPU
		{AAAEA207-727B-4D2D-A053-881478D929BF}.Release|Any CPU.ActiveCfg = Release|Any CPU
		{AAAEA207-727B-4D2D-A053-881478D929BF}.Release|Any CPU.Build.0 = Release|Any CPU
	EndGlobalSection
	GlobalSection(SolutionProperties) = preSolution
		HideSolutionNode = FALSE
	EndGlobalSection
	GlobalSection(ExtensibilityGlobals) = postSolution
		SolutionGuid = {1501C399-82E6-4022-9536-69061DAA1F29}
	EndGlobalSection
EndGlobal
