
Microsoft Visual Studio Solution File, Format Version 12.00
# Visual Studio Version 16
VisualStudioVersion = 16.0.31729.503
MinimumVisualStudioVersion = 10.0.40219.1
Project("{FAE04EC0-301F-11D3-BF4B-00C04F79EFBC}") = "InterfaceApp", "InterfaceApp\InterfaceApp.csproj", "{5729826B-22DC-4CA8-BDB2-A314927BFB53}"
EndProject
Global
	GlobalSection(SolutionConfigurationPlatforms) = preSolution
		Debug|Any CPU = Debug|Any CPU
		Release|Any CPU = Release|Any CPU
	EndGlobalSection
	GlobalSection(ProjectConfigurationPlatforms) = postSolution
		{5729826B-22DC-4CA8-BDB2-A314927BFB53}.Debug|Any CPU.ActiveCfg = Debug|Any CPU
		{5729826B-22DC-4CA8-BDB2-A314927BFB53}.Debug|Any CPU.Build.0 = Debug|Any CPU
		{5729826B-22DC-4CA8-BDB2-A314927BFB53}.Release|Any CPU.ActiveCfg = Release|Any CPU
		{5729826B-22DC-4CA8-BDB2-A314927BFB53}.Release|Any CPU.Build.0 = Release|Any CPU
	EndGlobalSection
	GlobalSection(SolutionProperties) = preSolution
		HideSolutionNode = FALSE
	EndGlobalSection
	GlobalSection(ExtensibilityGlobals) = postSolution
		SolutionGuid = {550902BE-BF0C-4805-BABF-42E1ECC5D76B}
	EndGlobalSection
EndGlobal
