
Microsoft Visual Studio Solution File, Format Version 12.00
# Visual Studio Version 16
VisualStudioVersion = 16.0.31729.503
MinimumVisualStudioVersion = 10.0.40219.1
Project("{FAE04EC0-301F-11D3-BF4B-00C04F79EFBC}") = "ExceptionGenerationApp", "ExceptionGenerationApp\ExceptionGenerationApp.csproj", "{98F00A58-0FBB-4565-A121-7726F3EB1EDE}"
EndProject
Global
	GlobalSection(SolutionConfigurationPlatforms) = preSolution
		Debug|Any CPU = Debug|Any CPU
		Release|Any CPU = Release|Any CPU
	EndGlobalSection
	GlobalSection(ProjectConfigurationPlatforms) = postSolution
		{98F00A58-0FBB-4565-A121-7726F3EB1EDE}.Debug|Any CPU.ActiveCfg = Debug|Any CPU
		{98F00A58-0FBB-4565-A121-7726F3EB1EDE}.Debug|Any CPU.Build.0 = Debug|Any CPU
		{98F00A58-0FBB-4565-A121-7726F3EB1EDE}.Release|Any CPU.ActiveCfg = Release|Any CPU
		{98F00A58-0FBB-4565-A121-7726F3EB1EDE}.Release|Any CPU.Build.0 = Release|Any CPU
	EndGlobalSection
	GlobalSection(SolutionProperties) = preSolution
		HideSolutionNode = FALSE
	EndGlobalSection
	GlobalSection(ExtensibilityGlobals) = postSolution
		SolutionGuid = {CA96A262-C8EF-4435-8331-B4010F0CBE5C}
	EndGlobalSection
EndGlobal
