
Microsoft Visual Studio Solution File, Format Version 12.00
# Visual Studio Version 16
VisualStudioVersion = 16.0.31729.503
MinimumVisualStudioVersion = 10.0.40219.1
Project("{FAE04EC0-301F-11D3-BF4B-00C04F79EFBC}") = "ISPViolationApp", "ISPViolationApp\ISPViolationApp.csproj", "{24FE00B8-B40C-46D8-805F-CCFE793D8B9B}"
EndProject
Project("{FAE04EC0-301F-11D3-BF4B-00C04F79EFBC}") = "ISPSolutionApp", "ISPSolutionApp\ISPSolutionApp.csproj", "{5AD8070B-EEF5-42E7-AFAC-4366997BB181}"
EndProject
Global
	GlobalSection(SolutionConfigurationPlatforms) = preSolution
		Debug|Any CPU = Debug|Any CPU
		Release|Any CPU = Release|Any CPU
	EndGlobalSection
	GlobalSection(ProjectConfigurationPlatforms) = postSolution
		{24FE00B8-B40C-46D8-805F-CCFE793D8B9B}.Debug|Any CPU.ActiveCfg = Debug|Any CPU
		{24FE00B8-B40C-46D8-805F-CCFE793D8B9B}.Debug|Any CPU.Build.0 = Debug|Any CPU
		{24FE00B8-B40C-46D8-805F-CCFE793D8B9B}.Release|Any CPU.ActiveCfg = Release|Any CPU
		{24FE00B8-B40C-46D8-805F-CCFE793D8B9B}.Release|Any CPU.Build.0 = Release|Any CPU
		{5AD8070B-EEF5-42E7-AFAC-4366997BB181}.Debug|Any CPU.ActiveCfg = Debug|Any CPU
		{5AD8070B-EEF5-42E7-AFAC-4366997BB181}.Debug|Any CPU.Build.0 = Debug|Any CPU
		{5AD8070B-EEF5-42E7-AFAC-4366997BB181}.Release|Any CPU.ActiveCfg = Release|Any CPU
		{5AD8070B-EEF5-42E7-AFAC-4366997BB181}.Release|Any CPU.Build.0 = Release|Any CPU
	EndGlobalSection
	GlobalSection(SolutionProperties) = preSolution
		HideSolutionNode = FALSE
	EndGlobalSection
	GlobalSection(ExtensibilityGlobals) = postSolution
		SolutionGuid = {938BA3B3-325B-445F-A707-B15F1EA08BAD}
	EndGlobalSection
EndGlobal
