
Microsoft Visual Studio Solution File, Format Version 12.00
# Visual Studio Version 16
VisualStudioVersion = 16.0.31729.503
MinimumVisualStudioVersion = 10.0.40219.1
Project("{FAE04EC0-301F-11D3-BF4B-00C04F79EFBC}") = "AccountReflectorApp", "AccountReflectorApp\AccountReflectorApp.csproj", "{1452FA5E-9AD8-4610-8B4A-96B67499817D}"
EndProject
Global
	GlobalSection(SolutionConfigurationPlatforms) = preSolution
		Debug|Any CPU = Debug|Any CPU
		Release|Any CPU = Release|Any CPU
	EndGlobalSection
	GlobalSection(ProjectConfigurationPlatforms) = postSolution
		{1452FA5E-9AD8-4610-8B4A-96B67499817D}.Debug|Any CPU.ActiveCfg = Debug|Any CPU
		{1452FA5E-9AD8-4610-8B4A-96B67499817D}.Debug|Any CPU.Build.0 = Debug|Any CPU
		{1452FA5E-9AD8-4610-8B4A-96B67499817D}.Release|Any CPU.ActiveCfg = Release|Any CPU
		{1452FA5E-9AD8-4610-8B4A-96B67499817D}.Release|Any CPU.Build.0 = Release|Any CPU
	EndGlobalSection
	GlobalSection(SolutionProperties) = preSolution
		HideSolutionNode = FALSE
	EndGlobalSection
	GlobalSection(ExtensibilityGlobals) = postSolution
		SolutionGuid = {920EE5BD-737F-4F9E-BDD7-06EE243C2CF9}
	EndGlobalSection
EndGlobal
