
Microsoft Visual Studio Solution File, Format Version 12.00
# Visual Studio Version 16
VisualStudioVersion = 16.0.31727.386
MinimumVisualStudioVersion = 10.0.40219.1
Project("{FAE04EC0-301F-11D3-BF4B-00C04F79EFBC}") = "TodoApp", "TodoApp\TodoApp.csproj", "{09C6BAB3-BF88-493E-A1B4-C2FDABB1665D}"
EndProject
Global
	GlobalSection(SolutionConfigurationPlatforms) = preSolution
		Debug|Any CPU = Debug|Any CPU
		Release|Any CPU = Release|Any CPU
	EndGlobalSection
	GlobalSection(ProjectConfigurationPlatforms) = postSolution
		{09C6BAB3-BF88-493E-A1B4-C2FDABB1665D}.Debug|Any CPU.ActiveCfg = Debug|Any CPU
		{09C6BAB3-BF88-493E-A1B4-C2FDABB1665D}.Debug|Any CPU.Build.0 = Debug|Any CPU
		{09C6BAB3-BF88-493E-A1B4-C2FDABB1665D}.Release|Any CPU.ActiveCfg = Release|Any CPU
		{09C6BAB3-BF88-493E-A1B4-C2FDABB1665D}.Release|Any CPU.Build.0 = Release|Any CPU
	EndGlobalSection
	GlobalSection(SolutionProperties) = preSolution
		HideSolutionNode = FALSE
	EndGlobalSection
	GlobalSection(ExtensibilityGlobals) = postSolution
		SolutionGuid = {B51DE761-36DA-4989-9E4B-8BCA9380BEF9}
	EndGlobalSection
EndGlobal
